// !$*UTF8*$!
{
	archiveVersion = 1;
	classes = {
	};
	objectVersion = 56;
	objects = {

/* Begin PBXBuildFile section */
		FAE356022A56DA3000D6B35C /* AppDelegate.swift in Sources */ = {isa = PBXBuildFile; fileRef = FAE356012A56DA3000D6B35C /* AppDelegate.swift */; };
		FAE356042A56DA3000D6B35C /* SceneDelegate.swift in Sources */ = {isa = PBXBuildFile; fileRef = FAE356032A56DA3000D6B35C /* SceneDelegate.swift */; };
		FAE3560B2A56DA3300D6B35C /* Assets.xcassets in Resources */ = {isa = PBXBuildFile; fileRef = FAE3560A2A56DA3300D6B35C /* Assets.xcassets */; };
		FAE3560E2A56DA3300D6B35C /* LaunchScreen.storyboard in Resources */ = {isa = PBXBuildFile; fileRef = FAE3560C2A56DA3300D6B35C /* LaunchScreen.storyboard */; };
		FAE356172A56DA5400D6B35C /* View.swift in Sources */ = {isa = PBXBuildFile; fileRef = FAE356162A56DA5400D6B35C /* View.swift */; };
		FAE356192A56DA5D00D6B35C /* Interactor.swift in Sources */ = {isa = PBXBuildFile; fileRef = FAE356182A56DA5D00D6B35C /* Interactor.swift */; };
		FAE3561B2A56DA6400D6B35C /* Presenter.swift in Sources */ = {isa = PBXBuildFile; fileRef = FAE3561A2A56DA6400D6B35C /* Presenter.swift */; };
		FAE3561D2A56DA7300D6B35C /* Entity.swift in Sources */ = {isa = PBXBuildFile; fileRef = FAE3561C2A56DA7200D6B35C /* Entity.swift */; };
		FAE3561F2A56DA7A00D6B35C /* Router.swift in Sources */ = {isa = PBXBuildFile; fileRef = FAE3561E2A56DA7A00D6B35C /* Router.swift */; };
/* End PBXBuildFile section */

/* Begin PBXFileReference section */
		FAE355FE2A56DA3000D6B35C /* VIPER.app */ = {isa = PBXFileReference; explicitFileType = wrapper.application; includeInIndex = 0; path = VIPER.app; sourceTree = BUILT_PRODUCTS_DIR; };
		FAE356012A56DA3000D6B35C /* AppDelegate.swift */ = {isa = PBXFileReference; lastKnownFileType = sourcecode.swift; path = AppDelegate.swift; sourceTree = "<group>"; };
		FAE356032A56DA3000D6B35C /* SceneDelegate.swift */ = {isa = PBXFileReference; lastKnownFileType = sourcecode.swift; path = SceneDelegate.swift; sourceTree = "<group>"; };
		FAE3560A2A56DA3300D6B35C /* Assets.xcassets */ = {isa = PBXFileReference; lastKnownFileType = folder.assetcatalog; path = Assets.xcassets; sourceTree = "<group>"; };
		FAE3560D2A56DA3300D6B35C /* Base */ = {isa = PBXFileReference; lastKnownFileType = file.storyboard; name = Base; path = Base.lproj/LaunchScreen.storyboard; sourceTree = "<group>"; };
		FAE3560F2A56DA3300D6B35C /* Info.plist */ = {isa = PBXFileReference; lastKnownFileType = text.plist.xml; path = Info.plist; sourceTree = "<group>"; };
		FAE356162A56DA5400D6B35C /* View.swift */ = {isa = PBXFileReference; lastKnownFileType = sourcecode.swift; path = View.swift; sourceTree = "<group>"; };
		FAE356182A56DA5D00D6B35C /* Interactor.swift */ = {isa = PBXFileReference; lastKnownFileType = sourcecode.swift; path = Interactor.swift; sourceTree = "<group>"; };
		FAE3561A2A56DA6400D6B35C /* Presenter.swift */ = {isa = PBXFileReference; lastKnownFileType = sourcecode.swift; path = Presenter.swift; sourceTree = "<group>"; };
		FAE3561C2A56DA7200D6B35C /* Entity.swift */ = {isa = PBXFileReference; lastKnownFileType = sourcecode.swift; path = Entity.swift; sourceTree = "<group>"; };
		FAE3561E2A56DA7A00D6B35C /* Router.swift */ = {isa = PBXFileReference; lastKnownFileType = sourcecode.swift; path = Router.swift; sourceTree = "<group>"; };
/* End PBXFileReference section */

/* Begin PBXFrameworksBuildPhase section */
		FAE355FB2A56DA3000D6B35C /* Frameworks */ = {
			isa = PBXFrameworksBuildPhase;
			buildActionMask = 2147483647;
			files = (
			);
			runOnlyForDeploymentPostprocessing = 0;
		};
/* End PBXFrameworksBuildPhase section */

/* Begin PBXGroup section */
		FAE355F52A56DA2F00D6B35C = {
			isa = PBXGroup;
			children = (
				FAE356002A56DA3000D6B35C /* VIPER */,
				FAE355FF2A56DA3000D6B35C /* Products */,
			);
			sourceTree = "<group>";
		};
		FAE355FF2A56DA3000D6B35C /* Products */ = {
			isa = PBXGroup;
			children = (
				FAE355FE2A56DA3000D6B35C /* VIPER.app */,
			);
			name = Products;
			sourceTree = "<group>";
		};
		FAE356002A56DA3000D6B35C /* VIPER */ = {
			isa = PBXGroup;
			children = (
				FAE356152A56DA4700D6B35C /* VIPER */,
				FAE356012A56DA3000D6B35C /* AppDelegate.swift */,
				FAE356032A56DA3000D6B35C /* SceneDelegate.swift */,
				FAE3560A2A56DA3300D6B35C /* Assets.xcassets */,
				FAE3560C2A56DA3300D6B35C /* LaunchScreen.storyboard */,
				FAE3560F2A56DA3300D6B35C /* Info.plist */,
			);
			path = VIPER;
			sourceTree = "<group>";
		};
		FAE356152A56DA4700D6B35C /* VIPER */ = {
			isa = PBXGroup;
			children = (
				FAE356162A56DA5400D6B35C /* View.swift */,
				FAE356182A56DA5D00D6B35C /* Interactor.swift */,
				FAE3561A2A56DA6400D6B35C /* Presenter.swift */,
				FAE3561C2A56DA7200D6B35C /* Entity.swift */,
				FAE3561E2A56DA7A00D6B35C /* Router.swift */,
			);
			path = VIPER;
			sourceTree = "<group>";
		};
/* End PBXGroup section */

/* Begin PBXNativeTarget section */
		FAE355FD2A56DA3000D6B35C /* VIPER */ = {
			isa = PBXNativeTarget;
			buildConfigurationList = FAE356122A56DA3300D6B35C /* Build configuration list for PBXNativeTarget "VIPER" */;
			buildPhases = (
				FAE355FA2A56DA3000D6B35C /* Sources */,
				FAE355FB2A56DA3000D6B35C /* Frameworks */,
				FAE355FC2A56DA3000D6B35C /* Resources */,
			);
			buildRules = (
			);
			dependencies = (
			);
			name = VIPER;
			productName = VIPER;
			productReference = FAE355FE2A56DA3000D6B35C /* VIPER.app */;
			productType = "com.apple.product-type.application";
		};
/* End PBXNativeTarget section */

/* Begin PBXProject section */
		FAE355F62A56DA2F00D6B35C /* Project object */ = {
			isa = PBXProject;
			attributes = {
				BuildIndependentTargetsInParallel = 1;
				LastSwiftUpdateCheck = 1430;
				LastUpgradeCheck = 1430;
				TargetAttributes = {
					FAE355FD2A56DA3000D6B35C = {
						CreatedOnToolsVersion = 14.3.1;
					};
				};
			};
			buildConfigurationList = FAE355F92A56DA2F00D6B35C /* Build configuration list for PBXProject "VIPER" */;
			compatibilityVersion = "Xcode 14.0";
			developmentRegion = en;
			hasScannedForEncodings = 0;
			knownRegions = (
				en,
				Base,
			);
			mainGroup = FAE355F52A56DA2F00D6B35C;
			productRefGroup = FAE355FF2A56DA3000D6B35C /* Products */;
			projectDirPath = "";
			projectRoot = "";
			targets = (
				FAE355FD2A56DA3000D6B35C /* VIPER */,
			);
		};
/* End PBXProject section */

/* Begin PBXResourcesBuildPhase section */
		FAE355FC2A56DA3000D6B35C /* Resources */ = {
			isa = PBXResourcesBuildPhase;
			buildActionMask = 2147483647;
			files = (
				FAE3560E2A56DA3300D6B35C /* LaunchScreen.storyboard in Resources */,
				FAE3560B2A56DA3300D6B35C /* Assets.xcassets in Resources */,
			);
			runOnlyForDeploymentPostprocessing = 0;
		};
/* End PBXResourcesBuildPhase section */

/* Begin PBXSourcesBuildPhase section */
		FAE355FA2A56DA3000D6B35C /* Sources */ = {
			isa = PBXSourcesBuildPhase;
			buildActionMask = 2147483647;
			files = (
				FAE3561F2A56DA7A00D6B35C /* Router.swift in Sources */,
				FAE3561B2A56DA6400D6B35C /* Presenter.swift in Sources */,
				FAE356172A56DA5400D6B35C /* View.swift in Sources */,
				FAE3561D2A56DA7300D6B35C /* Entity.swift in Sources */,
				FAE356192A56DA5D00D6B35C /* Interactor.swift in Sources */,
				FAE356022A56DA3000D6B35C /* AppDelegate.swift in Sources */,
				FAE356042A56DA3000D6B35C /* SceneDelegate.swift in Sources */,
			);
			runOnlyForDeploymentPostprocessing = 0;
		};
/* End PBXSourcesBuildPhase section */

/* Begin PBXVariantGroup section */
		FAE3560C2A56DA3300D6B35C /* LaunchScreen.storyboard */ = {
			isa = PBXVariantGroup;
			children = (
				FAE3560D2A56DA3300D6B35C /* Base */,
			);
			name = LaunchScreen.storyboard;
			sourceTree = "<group>";
		};
/* End PBXVariantGroup section */

/* Begin XCBuildConfiguration section */
		FAE356102A56DA3300D6B35C /* Debug */ = {
			isa = XCBuildConfiguration;
			buildSettings = {
				ALWAYS_SEARCH_USER_PATHS = NO;
				CLANG_ANALYZER_NONNULL = YES;
				CLANG_ANALYZER_NUMBER_OBJECT_CONVERSION = YES_AGGRESSIVE;
				CLANG_CXX_LANGUAGE_STANDARD = "gnu++20";
				CLANG_ENABLE_MODULES = YES;
				CLANG_ENABLE_OBJC_ARC = YES;
				CLANG_ENABLE_OBJC_WEAK = YES;
				CLANG_WARN_BLOCK_CAPTURE_AUTORELEASING = YES;
				CLANG_WARN_BOOL_CONVERSION = YES;
				CLANG_WARN_COMMA = YES;
				CLANG_WARN_CONSTANT_CONVERSION = YES;
				CLANG_WARN_DEPRECATED_OBJC_IMPLEMENTATIONS = YES;
				CLANG_WARN_DIRECT_OBJC_ISA_USAGE = YES_ERROR;
				CLANG_WARN_DOCUMENTATION_COMMENTS = YES;
				CLANG_WARN_EMPTY_BODY = YES;
				CLANG_WARN_ENUM_CONVERSION = YES;
				CLANG_WARN_INFINITE_RECURSION = YES;
				CLANG_WARN_INT_CONVERSION = YES;
				CLANG_WARN_NON_LITERAL_NULL_CONVERSION = YES;
				CLANG_WARN_OBJC_IMPLICIT_RETAIN_SELF = YES;
				CLANG_WARN_OBJC_LITERAL_CONVERSION = YES;
				CLANG_WARN_OBJC_ROOT_CLASS = YES_ERROR;
				CLANG_WARN_QUOTED_INCLUDE_IN_FRAMEWORK_HEADER = YES;
				CLANG_WARN_RANGE_LOOP_ANALYSIS = YES;
				CLANG_WARN_STRICT_PROTOTYPES = YES;
				CLANG_WARN_SUSPICIOUS_MOVE = YES;
				CLANG_WARN_UNGUARDED_AVAILABILITY = YES_AGGRESSIVE;
				CLANG_WARN_UNREACHABLE_CODE = YES;
				CLANG_WARN__DUPLICATE_METHOD_MATCH = YES;
				COPY_PHASE_STRIP = NO;
				DEBUG_INFORMATION_FORMAT = dwarf;
				ENABLE_STRICT_OBJC_MSGSEND = YES;
				ENABLE_TESTABILITY = YES;
				GCC_C_LANGUAGE_STANDARD = gnu11;
				GCC_DYNAMIC_NO_PIC = NO;
				GCC_NO_COMMON_BLOCKS = YES;
				GCC_OPTIMIZATION_LEVEL = 0;
				GCC_PREPROCESSOR_DEFINITIONS = (
					"DEBUG=1",
					"$(inherited)",
				);
				GCC_WARN_64_TO_32_BIT_CONVERSION = YES;
				GCC_WARN_ABOUT_RETURN_TYPE = YES_ERROR;
				GCC_WARN_UNDECLARED_SELECTOR = YES;
				GCC_WARN_UNINITIALIZED_AUTOS = YES_AGGRESSIVE;
				GCC_WARN_UNUSED_FUNCTION = YES;
				GCC_WARN_UNUSED_VARIABLE = YES;
				IPHONEOS_DEPLOYMENT_TARGET = 16.4;
				MTL_ENABLE_DEBUG_INFO = INCLUDE_SOURCE;
				MTL_FAST_MATH = YES;
				ONLY_ACTIVE_ARCH = YES;
				SDKROOT = iphoneos;
				SWIFT_ACTIVE_COMPILATION_CONDITIONS = DEBUG;
				SWIFT_OPTIMIZATION_LEVEL = "-Onone";
			};
			name = Debug;
		};
		FAE356112A56DA3300D6B35C /* Release */ = {
			isa = XCBuildConfiguration;
			buildSettings = {
				ALWAYS_SEARCH_USER_PATHS = NO;
				CLANG_ANALYZER_NONNULL = YES;
				CLANG_ANALYZER_NUMBER_OBJECT_CONVERSION = YES_AGGRESSIVE;
				CLANG_CXX_LANGUAGE_STANDARD = "gnu++20";
				CLANG_ENABLE_MODULES = YES;
				CLANG_ENABLE_OBJC_ARC = YES;
				CLANG_ENABLE_OBJC_WEAK = YES;
				CLANG_WARN_BLOCK_CAPTURE_AUTORELEASING = YES;
				CLANG_WARN_BOOL_CONVERSION = YES;
				CLANG_WARN_COMMA = YES;
				CLANG_WARN_CONSTANT_CONVERSION = YES;
				CLANG_WARN_DEPRECATED_OBJC_IMPLEMENTATIONS = YES;
				CLANG_WARN_DIRECT_OBJC_ISA_USAGE = YES_ERROR;
				CLANG_WARN_DOCUMENTATION_COMMENTS = YES;
				CLANG_WARN_EMPTY_BODY = YES;
				CLANG_WARN_ENUM_CONVERSION = YES;
				CLANG_WARN_INFINITE_RECURSION = YES;
				CLANG_WARN_INT_CONVERSION = YES;
				CLANG_WARN_NON_LITERAL_NULL_CONVERSION = YES;
				CLANG_WARN_OBJC_IMPLICIT_RETAIN_SELF = YES;
				CLANG_WARN_OBJC_LITERAL_CONVERSION = YES;
				CLANG_WARN_OBJC_ROOT_CLASS = YES_ERROR;
				CLANG_WARN_QUOTED_INCLUDE_IN_FRAMEWORK_HEADER = YES;
				CLANG_WARN_RANGE_LOOP_ANALYSIS = YES;
				CLANG_WARN_STRICT_PROTOTYPES = YES;
				CLANG_WARN_SUSPICIOUS_MOVE = YES;
				CLANG_WARN_UNGUARDED_AVAILABILITY = YES_AGGRESSIVE;
				CLANG_WARN_UNREACHABLE_CODE = YES;
				CLANG_WARN__DUPLICATE_METHOD_MATCH = YES;
				COPY_PHASE_STRIP = NO;
				DEBUG_INFORMATION_FORMAT = "dwarf-with-dsym";
				ENABLE_NS_ASSERTIONS = NO;
				ENABLE_STRICT_OBJC_MSGSEND = YES;
				GCC_C_LANGUAGE_STANDARD = gnu11;
				GCC_NO_COMMON_BLOCKS = YES;
				GCC_WARN_64_TO_32_BIT_CONVERSION = YES;
				GCC_WARN_ABOUT_RETURN_TYPE = YES_ERROR;
				GCC_WARN_UNDECLARED_SELECTOR = YES;
				GCC_WARN_UNINITIALIZED_AUTOS = YES_AGGRESSIVE;
				GCC_WARN_UNUSED_FUNCTION = YES;
				GCC_WARN_UNUSED_VARIABLE = YES;
				IPHONEOS_DEPLOYMENT_TARGET = 16.4;
				MTL_ENABLE_DEBUG_INFO = NO;
				MTL_FAST_MATH = YES;
				SDKROOT = iphoneos;
				SWIFT_COMPILATION_MODE = wholemodule;
				SWIFT_OPTIMIZATION_LEVEL = "-O";
				VALIDATE_PRODUCT = YES;
			};
			name = Release;
		};
		FAE356132A56DA3300D6B35C /* Debug */ = {
			isa = XCBuildConfiguration;
			buildSettings = {
				ASSETCATALOG_COMPILER_APPICON_NAME = AppIcon;
				ASSETCATALOG_COMPILER_GLOBAL_ACCENT_COLOR_NAME = AccentColor;
				CODE_SIGN_STYLE = Automatic;
				CURRENT_PROJECT_VERSION = 1;
				GENERATE_INFOPLIST_FILE = YES;
				INFOPLIST_FILE = VIPER/Info.plist;
				INFOPLIST_KEY_UIApplicationSupportsIndirectInputEvents = YES;
				INFOPLIST_KEY_UILaunchStoryboardName = LaunchScreen;
				INFOPLIST_KEY_UISupportedInterfaceOrientations_iPad = "UIInterfaceOrientationPortrait UIInterfaceOrientationPortraitUpsideDown UIInterfaceOrientationLandscapeLeft UIInterfaceOrientationLandscapeRight";
				INFOPLIST_KEY_UISupportedInterfaceOrientations_iPhone = "UIInterfaceOrientationPortrait UIInterfaceOrientationLandscapeLeft UIInterfaceOrientationLandscapeRight";
				LD_RUNPATH_SEARCH_PATHS = (
					"$(inherited)",
					"@executable_path/Frameworks",
				);
				MARKETING_VERSION = 1.0;
				PRODUCT_BUNDLE_IDENTIFIER = com.viper.VIPER;
				PRODUCT_NAME = "$(TARGET_NAME)";
				SWIFT_EMIT_LOC_STRINGS = YES;
				SWIFT_VERSION = 5.0;
				TARGETED_DEVICE_FAMILY = "1,2";
			};
			name = Debug;
		};
		FAE356142A56DA3300D6B35C /* Release */ = {
			isa = XCBuildConfiguration;
			buildSettings = {
				ASSETCATALOG_COMPILER_APPICON_NAME = AppIcon;
				ASSETCATALOG_COMPILER_GLOBAL_ACCENT_COLOR_NAME = AccentColor;
				CODE_SIGN_STYLE = Automatic;
				CURRENT_PROJECT_VERSION = 1;
				GENERATE_INFOPLIST_FILE = YES;
				INFOPLIST_FILE = VIPER/Info.plist;
				INFOPLIST_KEY_UIApplicationSupportsIndirectInputEvents = YES;
				INFOPLIST_KEY_UILaunchStoryboardName = LaunchScreen;
				INFOPLIST_KEY_UISupportedInterfaceOrientations_iPad = "UIInterfaceOrientationPortrait UIInterfaceOrientationPortraitUpsideDown UIInterfaceOrientationLandscapeLeft UIInterfaceOrientationLandscapeRight";
				INFOPLIST_KEY_UISupportedInterfaceOrientations_iPhone = "UIInterfaceOrientationPortrait UIInterfaceOrientationLandscapeLeft UIInterfaceOrientationLandscapeRight";
				LD_RUNPATH_SEARCH_PATHS = (
					"$(inherited)",
					"@executable_path/Frameworks",
				);
				MARKETING_VERSION = 1.0;
				PRODUCT_BUNDLE_IDENTIFIER = com.viper.VIPER;
				PRODUCT_NAME = "$(TARGET_NAME)";
				SWIFT_EMIT_LOC_STRINGS = YES;
				SWIFT_VERSION = 5.0;
				TARGETED_DEVICE_FAMILY = "1,2";
			};
			name = Release;
		};
/* End XCBuildConfiguration section */

/* Begin XCConfigurationList section */
		FAE355F92A56DA2F00D6B35C /* Build configuration list for PBXProject "VIPER" */ = {
			isa = XCConfigurationList;
			buildConfigurations = (
				FAE356102A56DA3300D6B35C /* Debug */,
				FAE356112A56DA3300D6B35C /* Release */,
			);
			defaultConfigurationIsVisible = 0;
			defaultConfigurationName = Release;
		};
		FAE356122A56DA3300D6B35C /* Build configuration list for PBXNativeTarget "VIPER" */ = {
			isa = XCConfigurationList;
			buildConfigurations = (
				FAE356132A56DA3300D6B35C /* Debug */,
				FAE356142A56DA3300D6B35C /* Release */,
			);
			defaultConfigurationIsVisible = 0;
			defaultConfigurationName = Release;
		};
/* End XCConfigurationList section */
	};
	rootObject = FAE355F62A56DA2F00D6B35C /* Project object */;
}
